// !$*UTF8*$!
{
	archiveVersion = 1;
	classes = {
	};
	objectVersion = 50;
	objects = {

/* Begin PBXBuildFile section */
		0C50EDC62248934C002C588D /* NewsListViewController.swift in Sources */ = {isa = PBXBuildFile; fileRef = 0C50EDC42248934C002C588D /* NewsListViewController.swift */; };
		0C50EDC72248934C002C588D /* NewsListViewController.xib in Resources */ = {isa = PBXBuildFile; fileRef = 0C50EDC52248934C002C588D /* NewsListViewController.xib */; };
		0C50EDC92248936C002C588D /* NewsListInteractor.swift in Sources */ = {isa = PBXBuildFile; fileRef = 0C50EDC82248936C002C588D /* NewsListInteractor.swift */; };
		0C50EDCB22489389002C588D /* NewsListPresenter.swift in Sources */ = {isa = PBXBuildFile; fileRef = 0C50EDCA22489389002C588D /* NewsListPresenter.swift */; };
		0C50EDCD224893A3002C588D /* NewsListBuilder.swift in Sources */ = {isa = PBXBuildFile; fileRef = 0C50EDCC224893A3002C588D /* NewsListBuilder.swift */; };
		0C50EDD02248A554002C588D /* NewsListRouter.swift in Sources */ = {isa = PBXBuildFile; fileRef = 0C50EDCF2248A554002C588D /* NewsListRouter.swift */; };
		0C50EDD52248BCF3002C588D /* APIConstant.swift in Sources */ = {isa = PBXBuildFile; fileRef = 0C50EDD42248BCF3002C588D /* APIConstant.swift */; };
		0C7C46EB2248825C009735EE /* AppDelegate.swift in Sources */ = {isa = PBXBuildFile; fileRef = 0C7C46EA2248825C009735EE /* AppDelegate.swift */; };
		0C7C46ED2248825C009735EE /* ViewController.swift in Sources */ = {isa = PBXBuildFile; fileRef = 0C7C46EC2248825C009735EE /* ViewController.swift */; };
		0C7C46F02248825C009735EE /* Main.storyboard in Resources */ = {isa = PBXBuildFile; fileRef = 0C7C46EE2248825C009735EE /* Main.storyboard */; };
		0C7C46F22248825E009735EE /* Assets.xcassets in Resources */ = {isa = PBXBuildFile; fileRef = 0C7C46F12248825E009735EE /* Assets.xcassets */; };
		0C7C46F52248825E009735EE /* LaunchScreen.storyboard in Resources */ = {isa = PBXBuildFile; fileRef = 0C7C46F32248825E009735EE /* LaunchScreen.storyboard */; };
		0C7C47002248825E009735EE /* HackerNewsTests.swift in Sources */ = {isa = PBXBuildFile; fileRef = 0C7C46FF2248825E009735EE /* HackerNewsTests.swift */; };
		0C7C470B2248825E009735EE /* HackerNewsUITests.swift in Sources */ = {isa = PBXBuildFile; fileRef = 0C7C470A2248825E009735EE /* HackerNewsUITests.swift */; };
		0CFF7A482248C40900929CBF /* APIManager.swift in Sources */ = {isa = PBXBuildFile; fileRef = 0CFF7A472248C40900929CBF /* APIManager.swift */; };
		0CFF7A4A2248D29F00929CBF /* ErrorObject.swift in Sources */ = {isa = PBXBuildFile; fileRef = 0CFF7A492248D29F00929CBF /* ErrorObject.swift */; };
		0CFF7A4C2248D2F200929CBF /* APIEndPointType.swift in Sources */ = {isa = PBXBuildFile; fileRef = 0CFF7A4B2248D2F200929CBF /* APIEndPointType.swift */; };
		0CFF7A4E2248D3AF00929CBF /* APIEndpointItem.swift in Sources */ = {isa = PBXBuildFile; fileRef = 0CFF7A4D2248D3AF00929CBF /* APIEndpointItem.swift */; };
		4CB210B0B36C827E929CE317 /* Pods_HackerNewsUITests.framework in Frameworks */ = {isa = PBXBuildFile; fileRef = A67674446D9727F3F11ABADE /* Pods_HackerNewsUITests.framework */; };
		6BB102265DB23980ABB19391 /* Pods_HackerNews.framework in Frameworks */ = {isa = PBXBuildFile; fileRef = D53DCE49EC4F3473C745D8DD /* Pods_HackerNews.framework */; };
		79490988C339F2758CF54B96 /* Pods_HackerNewsTests.framework in Frameworks */ = {isa = PBXBuildFile; fileRef = 9D3EE7D050182EE27E2334CA /* Pods_HackerNewsTests.framework */; };
/* End PBXBuildFile section */

/* Begin PBXContainerItemProxy section */
		0C7C46FC2248825E009735EE /* PBXContainerItemProxy */ = {
			isa = PBXContainerItemProxy;
			containerPortal = 0C7C46DF2248825C009735EE /* Project object */;
			proxyType = 1;
			remoteGlobalIDString = 0C7C46E62248825C009735EE;
			remoteInfo = HackerNews;
		};
		0C7C47072248825E009735EE /* PBXContainerItemProxy */ = {
			isa = PBXContainerItemProxy;
			containerPortal = 0C7C46DF2248825C009735EE /* Project object */;
			proxyType = 1;
			remoteGlobalIDString = 0C7C46E62248825C009735EE;
			remoteInfo = HackerNews;
		};
/* End PBXContainerItemProxy section */

/* Begin PBXFileReference section */
		0B9E3DEE22333DEB06EF22A6 /* Pods-HackerNews.debug.xcconfig */ = {isa = PBXFileReference; includeInIndex = 1; lastKnownFileType = text.xcconfig; name = "Pods-HackerNews.debug.xcconfig"; path = "Target Support Files/Pods-HackerNews/Pods-HackerNews.debug.xcconfig"; sourceTree = "<group>"; };
		0C50EDC42248934C002C588D /* NewsListViewController.swift */ = {isa = PBXFileReference; lastKnownFileType = sourcecode.swift; path = NewsListViewController.swift; sourceTree = "<group>"; };
		0C50EDC52248934C002C588D /* NewsListViewController.xib */ = {isa = PBXFileReference; lastKnownFileType = file.xib; path = NewsListViewController.xib; sourceTree = "<group>"; };
		0C50EDC82248936C002C588D /* NewsListInteractor.swift */ = {isa = PBXFileReference; lastKnownFileType = sourcecode.swift; path = NewsListInteractor.swift; sourceTree = "<group>"; };
		0C50EDCA22489389002C588D /* NewsListPresenter.swift */ = {isa = PBXFileReference; lastKnownFileType = sourcecode.swift; path = NewsListPresenter.swift; sourceTree = "<group>"; };
		0C50EDCC224893A3002C588D /* NewsListBuilder.swift */ = {isa = PBXFileReference; lastKnownFileType = sourcecode.swift; path = NewsListBuilder.swift; sourceTree = "<group>"; };
		0C50EDCF2248A554002C588D /* NewsListRouter.swift */ = {isa = PBXFileReference; lastKnownFileType = sourcecode.swift; path = NewsListRouter.swift; sourceTree = "<group>"; };
		0C50EDD42248BCF3002C588D /* APIConstant.swift */ = {isa = PBXFileReference; lastKnownFileType = sourcecode.swift; path = APIConstant.swift; sourceTree = "<group>"; };
		0C7C46E72248825C009735EE /* HackerNews.app */ = {isa = PBXFileReference; explicitFileType = wrapper.application; includeInIndex = 0; path = HackerNews.app; sourceTree = BUILT_PRODUCTS_DIR; };
		0C7C46EA2248825C009735EE /* AppDelegate.swift */ = {isa = PBXFileReference; lastKnownFileType = sourcecode.swift; path = AppDelegate.swift; sourceTree = "<group>"; };
		0C7C46EC2248825C009735EE /* ViewController.swift */ = {isa = PBXFileReference; lastKnownFileType = sourcecode.swift; path = ViewController.swift; sourceTree = "<group>"; };
		0C7C46EF2248825C009735EE /* Base */ = {isa = PBXFileReference; lastKnownFileType = file.storyboard; name = Base; path = Base.lproj/Main.storyboard; sourceTree = "<group>"; };
		0C7C46F12248825E009735EE /* Assets.xcassets */ = {isa = PBXFileReference; lastKnownFileType = folder.assetcatalog; path = Assets.xcassets; sourceTree = "<group>"; };
		0C7C46F42248825E009735EE /* Base */ = {isa = PBXFileReference; lastKnownFileType = file.storyboard; name = Base; path = Base.lproj/LaunchScreen.storyboard; sourceTree = "<group>"; };
		0C7C46F62248825E009735EE /* Info.plist */ = {isa = PBXFileReference; lastKnownFileType = text.plist.xml; path = Info.plist; sourceTree = "<group>"; };
		0C7C46FB2248825E009735EE /* HackerNewsTests.xctest */ = {isa = PBXFileReference; explicitFileType = wrapper.cfbundle; includeInIndex = 0; path = HackerNewsTests.xctest; sourceTree = BUILT_PRODUCTS_DIR; };
		0C7C46FF2248825E009735EE /* HackerNewsTests.swift */ = {isa = PBXFileReference; lastKnownFileType = sourcecode.swift; path = HackerNewsTests.swift; sourceTree = "<group>"; };
		0C7C47012248825E009735EE /* Info.plist */ = {isa = PBXFileReference; lastKnownFileType = text.plist.xml; path = Info.plist; sourceTree = "<group>"; };
		0C7C47062248825E009735EE /* HackerNewsUITests.xctest */ = {isa = PBXFileReference; explicitFileType = wrapper.cfbundle; includeInIndex = 0; path = HackerNewsUITests.xctest; sourceTree = BUILT_PRODUCTS_DIR; };
		0C7C470A2248825E009735EE /* HackerNewsUITests.swift */ = {isa = PBXFileReference; lastKnownFileType = sourcecode.swift; path = HackerNewsUITests.swift; sourceTree = "<group>"; };
		0C7C470C2248825E009735EE /* Info.plist */ = {isa = PBXFileReference; lastKnownFileType = text.plist.xml; path = Info.plist; sourceTree = "<group>"; };
		0CFF7A472248C40900929CBF /* APIManager.swift */ = {isa = PBXFileReference; lastKnownFileType = sourcecode.swift; path = APIManager.swift; sourceTree = "<group>"; };
		0CFF7A492248D29F00929CBF /* ErrorObject.swift */ = {isa = PBXFileReference; lastKnownFileType = sourcecode.swift; path = ErrorObject.swift; sourceTree = "<group>"; };
		0CFF7A4B2248D2F200929CBF /* APIEndPointType.swift */ = {isa = PBXFileReference; lastKnownFileType = sourcecode.swift; path = APIEndPointType.swift; sourceTree = "<group>"; };
		0CFF7A4D2248D3AF00929CBF /* APIEndpointItem.swift */ = {isa = PBXFileReference; lastKnownFileType = sourcecode.swift; path = APIEndpointItem.swift; sourceTree = "<group>"; };
		3FD2F366A793887F6923AC07 /* Pods-HackerNewsTests.debug.xcconfig */ = {isa = PBXFileReference; includeInIndex = 1; lastKnownFileType = text.xcconfig; name = "Pods-HackerNewsTests.debug.xcconfig"; path = "Target Support Files/Pods-HackerNewsTests/Pods-HackerNewsTests.debug.xcconfig"; sourceTree = "<group>"; };
		41167F57618334342DCD35F2 /* Pods-HackerNews.release.xcconfig */ = {isa = PBXFileReference; includeInIndex = 1; lastKnownFileType = text.xcconfig; name = "Pods-HackerNews.release.xcconfig"; path = "Pods/Target Support Files/Pods-HackerNews/Pods-HackerNews.release.xcconfig"; sourceTree = "<group>"; };
		4BD02089D4BDA49807AF9DFE /* Pods-HackerNewsUITests.debug.xcconfig */ = {isa = PBXFileReference; includeInIndex = 1; lastKnownFileType = text.xcconfig; name = "Pods-HackerNewsUITests.debug.xcconfig"; path = "Pods/Target Support Files/Pods-HackerNewsUITests/Pods-HackerNewsUITests.debug.xcconfig"; sourceTree = "<group>"; };
		838E0750FD4A3A5AF25A0EA1 /* Pods-HackerNewsTests.release.xcconfig */ = {isa = PBXFileReference; includeInIndex = 1; lastKnownFileType = text.xcconfig; name = "Pods-HackerNewsTests.release.xcconfig"; path = "Target Support Files/Pods-HackerNewsTests/Pods-HackerNewsTests.release.xcconfig"; sourceTree = "<group>"; };
		85CB9E0B1C9DA0AAF095801C /* Pods-HackerNewsUITests.debug.xcconfig */ = {isa = PBXFileReference; includeInIndex = 1; lastKnownFileType = text.xcconfig; name = "Pods-HackerNewsUITests.debug.xcconfig"; path = "Target Support Files/Pods-HackerNewsUITests/Pods-HackerNewsUITests.debug.xcconfig"; sourceTree = "<group>"; };
		9D3EE7D050182EE27E2334CA /* Pods_HackerNewsTests.framework */ = {isa = PBXFileReference; explicitFileType = wrapper.framework; includeInIndex = 0; path = Pods_HackerNewsTests.framework; sourceTree = BUILT_PRODUCTS_DIR; };
		A67674446D9727F3F11ABADE /* Pods_HackerNewsUITests.framework */ = {isa = PBXFileReference; explicitFileType = wrapper.framework; includeInIndex = 0; path = Pods_HackerNewsUITests.framework; sourceTree = BUILT_PRODUCTS_DIR; };
		AC5F55477549A8D03D7D3D71 /* Pods-HackerNews.debug.xcconfig */ = {isa = PBXFileReference; includeInIndex = 1; lastKnownFileType = text.xcconfig; name = "Pods-HackerNews.debug.xcconfig"; path = "Pods/Target Support Files/Pods-HackerNews/Pods-HackerNews.debug.xcconfig"; sourceTree = "<group>"; };
		B0A95AB59A92F2C4F4CBAAE3 /* Pods-HackerNewsTests.debug.xcconfig */ = {isa = PBXFileReference; includeInIndex = 1; lastKnownFileType = text.xcconfig; name = "Pods-HackerNewsTests.debug.xcconfig"; path = "Pods/Target Support Files/Pods-HackerNewsTests/Pods-HackerNewsTests.debug.xcconfig"; sourceTree = "<group>"; };
		B820B987A302F9B09C3ACE70 /* Pods-HackerNews.release.xcconfig */ = {isa = PBXFileReference; includeInIndex = 1; lastKnownFileType = text.xcconfig; name = "Pods-HackerNews.release.xcconfig"; path = "Target Support Files/Pods-HackerNews/Pods-HackerNews.release.xcconfig"; sourceTree = "<group>"; };
		C3D308CA53C601B6536321C4 /* Pods-HackerNewsTests.release.xcconfig */ = {isa = PBXFileReference; includeInIndex = 1; lastKnownFileType = text.xcconfig; name = "Pods-HackerNewsTests.release.xcconfig"; path = "Pods/Target Support Files/Pods-HackerNewsTests/Pods-HackerNewsTests.release.xcconfig"; sourceTree = "<group>"; };
		CA40F3A0B9054739ADCD7686 /* Pods-HackerNewsUITests.release.xcconfig */ = {isa = PBXFileReference; includeInIndex = 1; lastKnownFileType = text.xcconfig; name = "Pods-HackerNewsUITests.release.xcconfig"; path = "Target Support Files/Pods-HackerNewsUITests/Pods-HackerNewsUITests.release.xcconfig"; sourceTree = "<group>"; };
		D53DCE49EC4F3473C745D8DD /* Pods_HackerNews.framework */ = {isa = PBXFileReference; explicitFileType = wrapper.framework; includeInIndex = 0; path = Pods_HackerNews.framework; sourceTree = BUILT_PRODUCTS_DIR; };
		F9E4550506EAA52F2A1AFEC4 /* Pods-HackerNewsUITests.release.xcconfig */ = {isa = PBXFileReference; includeInIndex = 1; lastKnownFileType = text.xcconfig; name = "Pods-HackerNewsUITests.release.xcconfig"; path = "Pods/Target Support Files/Pods-HackerNewsUITests/Pods-HackerNewsUITests.release.xcconfig"; sourceTree = "<group>"; };
/* End PBXFileReference section */

/* Begin PBXFrameworksBuildPhase section */
		0C7C46E42248825C009735EE /* Frameworks */ = {
			isa = PBXFrameworksBuildPhase;
			buildActionMask = 2147483647;
			files = (
				6BB102265DB23980ABB19391 /* Pods_HackerNews.framework in Frameworks */,
			);
			runOnlyForDeploymentPostprocessing = 0;
		};
		0C7C46F82248825E009735EE /* Frameworks */ = {
			isa = PBXFrameworksBuildPhase;
			buildActionMask = 2147483647;
			files = (
				79490988C339F2758CF54B96 /* Pods_HackerNewsTests.framework in Frameworks */,
			);
			runOnlyForDeploymentPostprocessing = 0;
		};
		0C7C47032248825E009735EE /* Frameworks */ = {
			isa = PBXFrameworksBuildPhase;
			buildActionMask = 2147483647;
			files = (
				4CB210B0B36C827E929CE317 /* Pods_HackerNewsUITests.framework in Frameworks */,
			);
			runOnlyForDeploymentPostprocessing = 0;
		};
/* End PBXFrameworksBuildPhase section */

/* Begin PBXGroup section */
		0C50EDC2224892F4002C588D /* Module */ = {
			isa = PBXGroup;
			children = (
				0C50EDCE2248A50A002C588D /* News */,
			);
			path = Module;
			sourceTree = "<group>";
		};
		0C50EDC3224892FB002C588D /* List */ = {
			isa = PBXGroup;
			children = (
				0C50EDC42248934C002C588D /* NewsListViewController.swift */,
				0C50EDC52248934C002C588D /* NewsListViewController.xib */,
				0C50EDC82248936C002C588D /* NewsListInteractor.swift */,
				0C50EDCA22489389002C588D /* NewsListPresenter.swift */,
				0C50EDCC224893A3002C588D /* NewsListBuilder.swift */,
				0C50EDCF2248A554002C588D /* NewsListRouter.swift */,
			);
			path = List;
			sourceTree = "<group>";
		};
		0C50EDCE2248A50A002C588D /* News */ = {
			isa = PBXGroup;
			children = (
				0C50EDC3224892FB002C588D /* List */,
			);
			path = News;
			sourceTree = "<group>";
		};
		0C50EDD12248B327002C588D /* Common */ = {
			isa = PBXGroup;
			children = (
				0C50EDD42248BCF3002C588D /* APIConstant.swift */,
				0CFF7A472248C40900929CBF /* APIManager.swift */,
				0CFF7A492248D29F00929CBF /* ErrorObject.swift */,
				0CFF7A4B2248D2F200929CBF /* APIEndPointType.swift */,
				0CFF7A4D2248D3AF00929CBF /* APIEndpointItem.swift */,
			);
			path = Common;
			sourceTree = "<group>";
		};
		0C7C46DE2248825C009735EE = {
			isa = PBXGroup;
			children = (
				0C7C46E92248825C009735EE /* HackerNews */,
				0C7C46FE2248825E009735EE /* HackerNewsTests */,
				0C7C47092248825E009735EE /* HackerNewsUITests */,
				0C7C46E82248825C009735EE /* Products */,
				2DFB8F50C5B0D1B0E9542A35 /* Pods */,
				9534AC4FDE3D9B9CD417F4B5 /* Frameworks */,
			);
			sourceTree = "<group>";
		};
		0C7C46E82248825C009735EE /* Products */ = {
			isa = PBXGroup;
			children = (
				0C7C46E72248825C009735EE /* HackerNews.app */,
				0C7C46FB2248825E009735EE /* HackerNewsTests.xctest */,
				0C7C47062248825E009735EE /* HackerNewsUITests.xctest */,
			);
			name = Products;
			sourceTree = "<group>";
		};
		0C7C46E92248825C009735EE /* HackerNews */ = {
			isa = PBXGroup;
			children = (
				0C50EDD12248B327002C588D /* Common */,
				0C50EDC2224892F4002C588D /* Module */,
				0C7C46EA2248825C009735EE /* AppDelegate.swift */,
				0C7C46EC2248825C009735EE /* ViewController.swift */,
				0C7C46EE2248825C009735EE /* Main.storyboard */,
				0C7C46F12248825E009735EE /* Assets.xcassets */,
				0C7C46F32248825E009735EE /* LaunchScreen.storyboard */,
				0C7C46F62248825E009735EE /* Info.plist */,
			);
			path = HackerNews;
			sourceTree = "<group>";
		};
		0C7C46FE2248825E009735EE /* HackerNewsTests */ = {
			isa = PBXGroup;
			children = (
				0C7C46FF2248825E009735EE /* HackerNewsTests.swift */,
				0C7C47012248825E009735EE /* Info.plist */,
			);
			path = HackerNewsTests;
			sourceTree = "<group>";
		};
		0C7C47092248825E009735EE /* HackerNewsUITests */ = {
			isa = PBXGroup;
			children = (
				0C7C470A2248825E009735EE /* HackerNewsUITests.swift */,
				0C7C470C2248825E009735EE /* Info.plist */,
			);
			path = HackerNewsUITests;
			sourceTree = "<group>";
		};
		2DFB8F50C5B0D1B0E9542A35 /* Pods */ = {
			isa = PBXGroup;
			children = (
				0B9E3DEE22333DEB06EF22A6 /* Pods-HackerNews.debug.xcconfig */,
				B820B987A302F9B09C3ACE70 /* Pods-HackerNews.release.xcconfig */,
				3FD2F366A793887F6923AC07 /* Pods-HackerNewsTests.debug.xcconfig */,
				838E0750FD4A3A5AF25A0EA1 /* Pods-HackerNewsTests.release.xcconfig */,
				85CB9E0B1C9DA0AAF095801C /* Pods-HackerNewsUITests.debug.xcconfig */,
				CA40F3A0B9054739ADCD7686 /* Pods-HackerNewsUITests.release.xcconfig */,
				AC5F55477549A8D03D7D3D71 /* Pods-HackerNews.debug.xcconfig */,
				41167F57618334342DCD35F2 /* Pods-HackerNews.release.xcconfig */,
				B0A95AB59A92F2C4F4CBAAE3 /* Pods-HackerNewsTests.debug.xcconfig */,
				C3D308CA53C601B6536321C4 /* Pods-HackerNewsTests.release.xcconfig */,
				4BD02089D4BDA49807AF9DFE /* Pods-HackerNewsUITests.debug.xcconfig */,
				F9E4550506EAA52F2A1AFEC4 /* Pods-HackerNewsUITests.release.xcconfig */,
			);
			path = Pods;
			sourceTree = "<group>";
		};
		9534AC4FDE3D9B9CD417F4B5 /* Frameworks */ = {
			isa = PBXGroup;
			children = (
				D53DCE49EC4F3473C745D8DD /* Pods_HackerNews.framework */,
				9D3EE7D050182EE27E2334CA /* Pods_HackerNewsTests.framework */,
				A67674446D9727F3F11ABADE /* Pods_HackerNewsUITests.framework */,
			);
			name = Frameworks;
			sourceTree = "<group>";
		};
/* End PBXGroup section */

/* Begin PBXNativeTarget section */
		0C7C46E62248825C009735EE /* HackerNews */ = {
			isa = PBXNativeTarget;
			buildConfigurationList = 0C7C470F2248825E009735EE /* Build configuration list for PBXNativeTarget "HackerNews" */;
			buildPhases = (
				C478786894F3406BA3CAFF85 /* [CP] Check Pods Manifest.lock */,
				0C7C46E32248825C009735EE /* Sources */,
				0C7C46E42248825C009735EE /* Frameworks */,
				0C7C46E52248825C009735EE /* Resources */,
				F4F835F2667FCB9536C435AA /* [CP] Embed Pods Frameworks */,
			);
			buildRules = (
			);
			dependencies = (
			);
			name = HackerNews;
			productName = HackerNews;
			productReference = 0C7C46E72248825C009735EE /* HackerNews.app */;
			productType = "com.apple.product-type.application";
		};
		0C7C46FA2248825E009735EE /* HackerNewsTests */ = {
			isa = PBXNativeTarget;
			buildConfigurationList = 0C7C47122248825E009735EE /* Build configuration list for PBXNativeTarget "HackerNewsTests" */;
			buildPhases = (
				9D09C7BBE1D4B25AE89F7A84 /* [CP] Check Pods Manifest.lock */,
				0C7C46F72248825E009735EE /* Sources */,
				0C7C46F82248825E009735EE /* Frameworks */,
				0C7C46F92248825E009735EE /* Resources */,
			);
			buildRules = (
			);
			dependencies = (
				0C7C46FD2248825E009735EE /* PBXTargetDependency */,
			);
			name = HackerNewsTests;
			productName = HackerNewsTests;
			productReference = 0C7C46FB2248825E009735EE /* HackerNewsTests.xctest */;
			productType = "com.apple.product-type.bundle.unit-test";
		};
		0C7C47052248825E009735EE /* HackerNewsUITests */ = {
			isa = PBXNativeTarget;
			buildConfigurationList = 0C7C47152248825E009735EE /* Build configuration list for PBXNativeTarget "HackerNewsUITests" */;
			buildPhases = (
				4D3F45A6D87F2AEAA12D9E9E /* [CP] Check Pods Manifest.lock */,
				0C7C47022248825E009735EE /* Sources */,
				0C7C47032248825E009735EE /* Frameworks */,
				0C7C47042248825E009735EE /* Resources */,
			);
			buildRules = (
			);
			dependencies = (
				0C7C47082248825E009735EE /* PBXTargetDependency */,
			);
			name = HackerNewsUITests;
			productName = HackerNewsUITests;
			productReference = 0C7C47062248825E009735EE /* HackerNewsUITests.xctest */;
			productType = "com.apple.product-type.bundle.ui-testing";
		};
/* End PBXNativeTarget section */

/* Begin PBXProject section */
		0C7C46DF2248825C009735EE /* Project object */ = {
			isa = PBXProject;
			attributes = {
				LastSwiftUpdateCheck = 1010;
				LastUpgradeCheck = 1010;
				ORGANIZATIONNAME = netra;
				TargetAttributes = {
					0C7C46E62248825C009735EE = {
						CreatedOnToolsVersion = 10.1;
					};
					0C7C46FA2248825E009735EE = {
						CreatedOnToolsVersion = 10.1;
						TestTargetID = 0C7C46E62248825C009735EE;
					};
					0C7C47052248825E009735EE = {
						CreatedOnToolsVersion = 10.1;
						TestTargetID = 0C7C46E62248825C009735EE;
					};
				};
			};
			buildConfigurationList = 0C7C46E22248825C009735EE /* Build configuration list for PBXProject "HackerNews" */;
			compatibilityVersion = "Xcode 9.3";
			developmentRegion = en;
			hasScannedForEncodings = 0;
			knownRegions = (
				en,
				Base,
			);
			mainGroup = 0C7C46DE2248825C009735EE;
			productRefGroup = 0C7C46E82248825C009735EE /* Products */;
			projectDirPath = "";
			projectRoot = "";
			targets = (
				0C7C46E62248825C009735EE /* HackerNews */,
				0C7C46FA2248825E009735EE /* HackerNewsTests */,
				0C7C47052248825E009735EE /* HackerNewsUITests */,
			);
		};
/* End PBXProject section */

/* Begin PBXResourcesBuildPhase section */
		0C7C46E52248825C009735EE /* Resources */ = {
			isa = PBXResourcesBuildPhase;
			buildActionMask = 2147483647;
			files = (
				0C7C46F52248825E009735EE /* LaunchScreen.storyboard in Resources */,
				0C7C46F22248825E009735EE /* Assets.xcassets in Resources */,
				0C7C46F02248825C009735EE /* Main.storyboard in Resources */,
				0C50EDC72248934C002C588D /* NewsListViewController.xib in Resources */,
			);
			runOnlyForDeploymentPostprocessing = 0;
		};
		0C7C46F92248825E009735EE /* Resources */ = {
			isa = PBXResourcesBuildPhase;
			buildActionMask = 2147483647;
			files = (
			);
			runOnlyForDeploymentPostprocessing = 0;
		};
		0C7C47042248825E009735EE /* Resources */ = {
			isa = PBXResourcesBuildPhase;
			buildActionMask = 2147483647;
			files = (
			);
			runOnlyForDeploymentPostprocessing = 0;
		};
/* End PBXResourcesBuildPhase section */

/* Begin PBXShellScriptBuildPhase section */
		4D3F45A6D87F2AEAA12D9E9E /* [CP] Check Pods Manifest.lock */ = {
			isa = PBXShellScriptBuildPhase;
			buildActionMask = 2147483647;
			files = (
			);
			inputPaths = (
				"${PODS_PODFILE_DIR_PATH}/Podfile.lock",
				"${PODS_ROOT}/Manifest.lock",
			);
			name = "[CP] Check Pods Manifest.lock";
			outputPaths = (
				"$(DERIVED_FILE_DIR)/Pods-HackerNewsUITests-checkManifestLockResult.txt",
			);
			runOnlyForDeploymentPostprocessing = 0;
			shellPath = /bin/sh;
			shellScript = "diff \"${PODS_PODFILE_DIR_PATH}/Podfile.lock\" \"${PODS_ROOT}/Manifest.lock\" > /dev/null\nif [ $? != 0 ] ; then\n    # print error to STDERR\n    echo \"error: The sandbox is not in sync with the Podfile.lock. Run 'pod install' or update your CocoaPods installation.\" >&2\n    exit 1\nfi\n# This output is used by Xcode 'outputs' to avoid re-running this script phase.\necho \"SUCCESS\" > \"${SCRIPT_OUTPUT_FILE_0}\"\n";
			showEnvVarsInLog = 0;
		};
		9D09C7BBE1D4B25AE89F7A84 /* [CP] Check Pods Manifest.lock */ = {
			isa = PBXShellScriptBuildPhase;
			buildActionMask = 2147483647;
			files = (
			);
			inputPaths = (
				"${PODS_PODFILE_DIR_PATH}/Podfile.lock",
				"${PODS_ROOT}/Manifest.lock",
			);
			name = "[CP] Check Pods Manifest.lock";
			outputPaths = (
				"$(DERIVED_FILE_DIR)/Pods-HackerNewsTests-checkManifestLockResult.txt",
			);
			runOnlyForDeploymentPostprocessing = 0;
			shellPath = /bin/sh;
			shellScript = "diff \"${PODS_PODFILE_DIR_PATH}/Podfile.lock\" \"${PODS_ROOT}/Manifest.lock\" > /dev/null\nif [ $? != 0 ] ; then\n    # print error to STDERR\n    echo \"error: The sandbox is not in sync with the Podfile.lock. Run 'pod install' or update your CocoaPods installation.\" >&2\n    exit 1\nfi\n# This output is used by Xcode 'outputs' to avoid re-running this script phase.\necho \"SUCCESS\" > \"${SCRIPT_OUTPUT_FILE_0}\"\n";
			showEnvVarsInLog = 0;
		};
		C478786894F3406BA3CAFF85 /* [CP] Check Pods Manifest.lock */ = {
			isa = PBXShellScriptBuildPhase;
			buildActionMask = 2147483647;
			files = (
			);
			inputPaths = (
				"${PODS_PODFILE_DIR_PATH}/Podfile.lock",
				"${PODS_ROOT}/Manifest.lock",
			);
			name = "[CP] Check Pods Manifest.lock";
			outputPaths = (
				"$(DERIVED_FILE_DIR)/Pods-HackerNews-checkManifestLockResult.txt",
			);
			runOnlyForDeploymentPostprocessing = 0;
			shellPath = /bin/sh;
			shellScript = "diff \"${PODS_PODFILE_DIR_PATH}/Podfile.lock\" \"${PODS_ROOT}/Manifest.lock\" > /dev/null\nif [ $? != 0 ] ; then\n    # print error to STDERR\n    echo \"error: The sandbox is not in sync with the Podfile.lock. Run 'pod install' or update your CocoaPods installation.\" >&2\n    exit 1\nfi\n# This output is used by Xcode 'outputs' to avoid re-running this script phase.\necho \"SUCCESS\" > \"${SCRIPT_OUTPUT_FILE_0}\"\n";
			showEnvVarsInLog = 0;
		};
		F4F835F2667FCB9536C435AA /* [CP] Embed Pods Frameworks */ = {
			isa = PBXShellScriptBuildPhase;
			buildActionMask = 2147483647;
			files = (
			);
			inputPaths = (
				"${SRCROOT}/Pods/Target Support Files/Pods-HackerNews/Pods-HackerNews-frameworks.sh",
				"${BUILT_PRODUCTS_DIR}/Alamofire/Alamofire.framework",
			);
			name = "[CP] Embed Pods Frameworks";
			outputPaths = (
				"${TARGET_BUILD_DIR}/${FRAMEWORKS_FOLDER_PATH}/Alamofire.framework",
			);
			runOnlyForDeploymentPostprocessing = 0;
			shellPath = /bin/sh;
			shellScript = "\"${SRCROOT}/Pods/Target Support Files/Pods-HackerNews/Pods-HackerNews-frameworks.sh\"\n";
			showEnvVarsInLog = 0;
		};
/* End PBXShellScriptBuildPhase section */

/* Begin PBXSourcesBuildPhase section */
		0C7C46E32248825C009735EE /* Sources */ = {
			isa = PBXSourcesBuildPhase;
			buildActionMask = 2147483647;
			files = (
				0C50EDCD224893A3002C588D /* NewsListBuilder.swift in Sources */,
				0C50EDD52248BCF3002C588D /* APIConstant.swift in Sources */,
				0CFF7A4E2248D3AF00929CBF /* APIEndpointItem.swift in Sources */,
				0CFF7A4C2248D2F200929CBF /* APIEndPointType.swift in Sources */,
				0C50EDC62248934C002C588D /* NewsListViewController.swift in Sources */,
				0CFF7A482248C40900929CBF /* APIManager.swift in Sources */,
				0C50EDD02248A554002C588D /* NewsListRouter.swift in Sources */,
				0C50EDCB22489389002C588D /* NewsListPresenter.swift in Sources */,
				0C7C46ED2248825C009735EE /* ViewController.swift in Sources */,
				0C7C46EB2248825C009735EE /* AppDelegate.swift in Sources */,
				0C50EDC92248936C002C588D /* NewsListInteractor.swift in Sources */,
				0CFF7A4A2248D29F00929CBF /* ErrorObject.swift in Sources */,
			);
			runOnlyForDeploymentPostprocessing = 0;
		};
		0C7C46F72248825E009735EE /* Sources */ = {
			isa = PBXSourcesBuildPhase;
			buildActionMask = 2147483647;
			files = (
				0C7C47002248825E009735EE /* HackerNewsTests.swift in Sources */,
			);
			runOnlyForDeploymentPostprocessing = 0;
		};
		0C7C47022248825E009735EE /* Sources */ = {
			isa = PBXSourcesBuildPhase;
			buildActionMask = 2147483647;
			files = (
				0C7C470B2248825E009735EE /* HackerNewsUITests.swift in Sources */,
			);
			runOnlyForDeploymentPostprocessing = 0;
		};
/* End PBXSourcesBuildPhase section */

/* Begin PBXTargetDependency section */
		0C7C46FD2248825E009735EE /* PBXTargetDependency */ = {
			isa = PBXTargetDependency;
			target = 0C7C46E62248825C009735EE /* HackerNews */;
			targetProxy = 0C7C46FC2248825E009735EE /* PBXContainerItemProxy */;
		};
		0C7C47082248825E009735EE /* PBXTargetDependency */ = {
			isa = PBXTargetDependency;
			target = 0C7C46E62248825C009735EE /* HackerNews */;
			targetProxy = 0C7C47072248825E009735EE /* PBXContainerItemProxy */;
		};
/* End PBXTargetDependency section */

/* Begin PBXVariantGroup section */
		0C7C46EE2248825C009735EE /* Main.storyboard */ = {
			isa = PBXVariantGroup;
			children = (
				0C7C46EF2248825C009735EE /* Base */,
			);
			name = Main.storyboard;
			sourceTree = "<group>";
		};
		0C7C46F32248825E009735EE /* LaunchScreen.storyboard */ = {
			isa = PBXVariantGroup;
			children = (
				0C7C46F42248825E009735EE /* Base */,
			);
			name = LaunchScreen.storyboard;
			sourceTree = "<group>";
		};
/* End PBXVariantGroup section */

/* Begin XCBuildConfiguration section */
		0C7C470D2248825E009735EE /* Debug */ = {
			isa = XCBuildConfiguration;
			buildSettings = {
				ALWAYS_SEARCH_USER_PATHS = NO;
				CLANG_ANALYZER_NONNULL = YES;
				CLANG_ANALYZER_NUMBER_OBJECT_CONVERSION = YES_AGGRESSIVE;
				CLANG_CXX_LANGUAGE_STANDARD = "gnu++14";
				CLANG_CXX_LIBRARY = "libc++";
				CLANG_ENABLE_MODULES = YES;
				CLANG_ENABLE_OBJC_ARC = YES;
				CLANG_ENABLE_OBJC_WEAK = YES;
				CLANG_WARN_BLOCK_CAPTURE_AUTORELEASING = YES;
				CLANG_WARN_BOOL_CONVERSION = YES;
				CLANG_WARN_COMMA = YES;
				CLANG_WARN_CONSTANT_CONVERSION = YES;
				CLANG_WARN_DEPRECATED_OBJC_IMPLEMENTATIONS = YES;
				CLANG_WARN_DIRECT_OBJC_ISA_USAGE = YES_ERROR;
				CLANG_WARN_DOCUMENTATION_COMMENTS = YES;
				CLANG_WARN_EMPTY_BODY = YES;
				CLANG_WARN_ENUM_CONVERSION = YES;
				CLANG_WARN_INFINITE_RECURSION = YES;
				CLANG_WARN_INT_CONVERSION = YES;
				CLANG_WARN_NON_LITERAL_NULL_CONVERSION = YES;
				CLANG_WARN_OBJC_IMPLICIT_RETAIN_SELF = YES;
				CLANG_WARN_OBJC_LITERAL_CONVERSION = YES;
				CLANG_WARN_OBJC_ROOT_CLASS = YES_ERROR;
				CLANG_WARN_RANGE_LOOP_ANALYSIS = YES;
				CLANG_WARN_STRICT_PROTOTYPES = YES;
				CLANG_WARN_SUSPICIOUS_MOVE = YES;
				CLANG_WARN_UNGUARDED_AVAILABILITY = YES_AGGRESSIVE;
				CLANG_WARN_UNREACHABLE_CODE = YES;
				CLANG_WARN__DUPLICATE_METHOD_MATCH = YES;
				CODE_SIGN_IDENTITY = "iPhone Developer";
				COPY_PHASE_STRIP = NO;
				DEBUG_INFORMATION_FORMAT = dwarf;
				ENABLE_STRICT_OBJC_MSGSEND = YES;
				ENABLE_TESTABILITY = YES;
				GCC_C_LANGUAGE_STANDARD = gnu11;
				GCC_DYNAMIC_NO_PIC = NO;
				GCC_NO_COMMON_BLOCKS = YES;
				GCC_OPTIMIZATION_LEVEL = 0;
				GCC_PREPROCESSOR_DEFINITIONS = (
					"DEBUG=1",
					"$(inherited)",
				);
				GCC_WARN_64_TO_32_BIT_CONVERSION = YES;
				GCC_WARN_ABOUT_RETURN_TYPE = YES_ERROR;
				GCC_WARN_UNDECLARED_SELECTOR = YES;
				GCC_WARN_UNINITIALIZED_AUTOS = YES_AGGRESSIVE;
				GCC_WARN_UNUSED_FUNCTION = YES;
				GCC_WARN_UNUSED_VARIABLE = YES;
				IPHONEOS_DEPLOYMENT_TARGET = 12.1;
				MTL_ENABLE_DEBUG_INFO = INCLUDE_SOURCE;
				MTL_FAST_MATH = YES;
				ONLY_ACTIVE_ARCH = YES;
				SDKROOT = iphoneos;
				SWIFT_ACTIVE_COMPILATION_CONDITIONS = DEBUG;
				SWIFT_OPTIMIZATION_LEVEL = "-Onone";
			};
			name = Debug;
		};
		0C7C470E2248825E009735EE /* Release */ = {
			isa = XCBuildConfiguration;
			buildSettings = {
				ALWAYS_SEARCH_USER_PATHS = NO;
				CLANG_ANALYZER_NONNULL = YES;
				CLANG_ANALYZER_NUMBER_OBJECT_CONVERSION = YES_AGGRESSIVE;
				CLANG_CXX_LANGUAGE_STANDARD = "gnu++14";
				CLANG_CXX_LIBRARY = "libc++";
				CLANG_ENABLE_MODULES = YES;
				CLANG_ENABLE_OBJC_ARC = YES;
				CLANG_ENABLE_OBJC_WEAK = YES;
				CLANG_WARN_BLOCK_CAPTURE_AUTORELEASING = YES;
				CLANG_WARN_BOOL_CONVERSION = YES;
				CLANG_WARN_COMMA = YES;
				CLANG_WARN_CONSTANT_CONVERSION = YES;
				CLANG_WARN_DEPRECATED_OBJC_IMPLEMENTATIONS = YES;
				CLANG_WARN_DIRECT_OBJC_ISA_USAGE = YES_ERROR;
				CLANG_WARN_DOCUMENTATION_COMMENTS = YES;
				CLANG_WARN_EMPTY_BODY = YES;
				CLANG_WARN_ENUM_CONVERSION = YES;
				CLANG_WARN_INFINITE_RECURSION = YES;
				CLANG_WARN_INT_CONVERSION = YES;
				CLANG_WARN_NON_LITERAL_NULL_CONVERSION = YES;
				CLANG_WARN_OBJC_IMPLICIT_RETAIN_SELF = YES;
				CLANG_WARN_OBJC_LITERAL_CONVERSION = YES;
				CLANG_WARN_OBJC_ROOT_CLASS = YES_ERROR;
				CLANG_WARN_RANGE_LOOP_ANALYSIS = YES;
				CLANG_WARN_STRICT_PROTOTYPES = YES;
				CLANG_WARN_SUSPICIOUS_MOVE = YES;
				CLANG_WARN_UNGUARDED_AVAILABILITY = YES_AGGRESSIVE;
				CLANG_WARN_UNREACHABLE_CODE = YES;
				CLANG_WARN__DUPLICATE_METHOD_MATCH = YES;
				CODE_SIGN_IDENTITY = "iPhone Developer";
				COPY_PHASE_STRIP = NO;
				DEBUG_INFORMATION_FORMAT = "dwarf-with-dsym";
				ENABLE_NS_ASSERTIONS = NO;
				ENABLE_STRICT_OBJC_MSGSEND = YES;
				GCC_C_LANGUAGE_STANDARD = gnu11;
				GCC_NO_COMMON_BLOCKS = YES;
				GCC_WARN_64_TO_32_BIT_CONVERSION = YES;
				GCC_WARN_ABOUT_RETURN_TYPE = YES_ERROR;
				GCC_WARN_UNDECLARED_SELECTOR = YES;
				GCC_WARN_UNINITIALIZED_AUTOS = YES_AGGRESSIVE;
				GCC_WARN_UNUSED_FUNCTION = YES;
				GCC_WARN_UNUSED_VARIABLE = YES;
				IPHONEOS_DEPLOYMENT_TARGET = 12.1;
				MTL_ENABLE_DEBUG_INFO = NO;
				MTL_FAST_MATH = YES;
				SDKROOT = iphoneos;
				SWIFT_COMPILATION_MODE = wholemodule;
				SWIFT_OPTIMIZATION_LEVEL = "-O";
				VALIDATE_PRODUCT = YES;
			};
			name = Release;
		};
		0C7C47102248825E009735EE /* Debug */ = {
			isa = XCBuildConfiguration;
			baseConfigurationReference = AC5F55477549A8D03D7D3D71 /* Pods-HackerNews.debug.xcconfig */;
			buildSettings = {
				ASSETCATALOG_COMPILER_APPICON_NAME = AppIcon;
				CODE_SIGN_STYLE = Automatic;
				DEVELOPMENT_TEAM = W68EVN637H;
				INFOPLIST_FILE = HackerNews/Info.plist;
				LD_RUNPATH_SEARCH_PATHS = (
					"$(inherited)",
					"@executable_path/Frameworks",
				);
				PRODUCT_BUNDLE_IDENTIFIER = com.bungkring.HackerNews;
				PRODUCT_NAME = "$(TARGET_NAME)";
				SWIFT_VERSION = 4.2;
				TARGETED_DEVICE_FAMILY = "1,2";
			};
			name = Debug;
		};
		0C7C47112248825E009735EE /* Release */ = {
			isa = XCBuildConfiguration;
			baseConfigurationReference = 41167F57618334342DCD35F2 /* Pods-HackerNews.release.xcconfig */;
			buildSettings = {
				ASSETCATALOG_COMPILER_APPICON_NAME = AppIcon;
				CODE_SIGN_STYLE = Automatic;
				DEVELOPMENT_TEAM = W68EVN637H;
				INFOPLIST_FILE = HackerNews/Info.plist;
				LD_RUNPATH_SEARCH_PATHS = (
					"$(inherited)",
					"@executable_path/Frameworks",
				);
				PRODUCT_BUNDLE_IDENTIFIER = com.bungkring.HackerNews;
				PRODUCT_NAME = "$(TARGET_NAME)";
				SWIFT_VERSION = 4.2;
				TARGETED_DEVICE_FAMILY = "1,2";
			};
			name = Release;
		};
		0C7C47132248825E009735EE /* Debug */ = {
			isa = XCBuildConfiguration;
			baseConfigurationReference = B0A95AB59A92F2C4F4CBAAE3 /* Pods-HackerNewsTests.debug.xcconfig */;
			buildSettings = {
				ALWAYS_EMBED_SWIFT_STANDARD_LIBRARIES = YES;
				BUNDLE_LOADER = "$(TEST_HOST)";
				CODE_SIGN_STYLE = Automatic;
				DEVELOPMENT_TEAM = W68EVN637H;
				INFOPLIST_FILE = HackerNewsTests/Info.plist;
				LD_RUNPATH_SEARCH_PATHS = (
					"$(inherited)",
					"@executable_path/Frameworks",
					"@loader_path/Frameworks",
				);
				PRODUCT_BUNDLE_IDENTIFIER = com.bungkring.HackerNewsTests;
				PRODUCT_NAME = "$(TARGET_NAME)";
				SWIFT_VERSION = 4.2;
				TARGETED_DEVICE_FAMILY = "1,2";
				TEST_HOST = "$(BUILT_PRODUCTS_DIR)/HackerNews.app/HackerNews";
			};
			name = Debug;
		};
		0C7C47142248825E009735EE /* Release */ = {
			isa = XCBuildConfiguration;
			baseConfigurationReference = C3D308CA53C601B6536321C4 /* Pods-HackerNewsTests.release.xcconfig */;
			buildSettings = {
				ALWAYS_EMBED_SWIFT_STANDARD_LIBRARIES = YES;
				BUNDLE_LOADER = "$(TEST_HOST)";
				CODE_SIGN_STYLE = Automatic;
				DEVELOPMENT_TEAM = W68EVN637H;
				INFOPLIST_FILE = HackerNewsTests/Info.plist;
				LD_RUNPATH_SEARCH_PATHS = (
					"$(inherited)",
					"@executable_path/Frameworks",
					"@loader_path/Frameworks",
				);
				PRODUCT_BUNDLE_IDENTIFIER = com.bungkring.HackerNewsTests;
				PRODUCT_NAME = "$(TARGET_NAME)";
				SWIFT_VERSION = 4.2;
				TARGETED_DEVICE_FAMILY = "1,2";
				TEST_HOST = "$(BUILT_PRODUCTS_DIR)/HackerNews.app/HackerNews";
			};
			name = Release;
		};
		0C7C47162248825E009735EE /* Debug */ = {
			isa = XCBuildConfiguration;
			baseConfigurationReference = 4BD02089D4BDA49807AF9DFE /* Pods-HackerNewsUITests.debug.xcconfig */;
			buildSettings = {
				ALWAYS_EMBED_SWIFT_STANDARD_LIBRARIES = YES;
				CODE_SIGN_STYLE = Automatic;
				DEVELOPMENT_TEAM = W68EVN637H;
				INFOPLIST_FILE = HackerNewsUITests/Info.plist;
				LD_RUNPATH_SEARCH_PATHS = (
					"$(inherited)",
					"@executable_path/Frameworks",
					"@loader_path/Frameworks",
				);
				PRODUCT_BUNDLE_IDENTIFIER = com.bungkring.HackerNewsUITests;
				PRODUCT_NAME = "$(TARGET_NAME)";
				SWIFT_VERSION = 4.2;
				TARGETED_DEVICE_FAMILY = "1,2";
				TEST_TARGET_NAME = HackerNews;
			};
			name = Debug;
		};
		0C7C47172248825E009735EE /* Release */ = {
			isa = XCBuildConfiguration;
			baseConfigurationReference = F9E4550506EAA52F2A1AFEC4 /* Pods-HackerNewsUITests.release.xcconfig */;
			buildSettings = {
				ALWAYS_EMBED_SWIFT_STANDARD_LIBRARIES = YES;
				CODE_SIGN_STYLE = Automatic;
				DEVELOPMENT_TEAM = W68EVN637H;
				INFOPLIST_FILE = HackerNewsUITests/Info.plist;
				LD_RUNPATH_SEARCH_PATHS = (
					"$(inherited)",
					"@executable_path/Frameworks",
					"@loader_path/Frameworks",
				);
				PRODUCT_BUNDLE_IDENTIFIER = com.bungkring.HackerNewsUITests;
				PRODUCT_NAME = "$(TARGET_NAME)";
				SWIFT_VERSION = 4.2;
				TARGETED_DEVICE_FAMILY = "1,2";
				TEST_TARGET_NAME = HackerNews;
			};
			name = Release;
		};
/* End XCBuildConfiguration section */

/* Begin XCConfigurationList section */
		0C7C46E22248825C009735EE /* Build configuration list for PBXProject "HackerNews" */ = {
			isa = XCConfigurationList;
			buildConfigurations = (
				0C7C470D2248825E009735EE /* Debug */,
				0C7C470E2248825E009735EE /* Release */,
			);
			defaultConfigurationIsVisible = 0;
			defaultConfigurationName = Release;
		};
		0C7C470F2248825E009735EE /* Build configuration list for PBXNativeTarget "HackerNews" */ = {
			isa = XCConfigurationList;
			buildConfigurations = (
				0C7C47102248825E009735EE /* Debug */,
				0C7C47112248825E009735EE /* Release */,
			);
			defaultConfigurationIsVisible = 0;
			defaultConfigurationName = Release;
		};
		0C7C47122248825E009735EE /* Build configuration list for PBXNativeTarget "HackerNewsTests" */ = {
			isa = XCConfigurationList;
			buildConfigurations = (
				0C7C47132248825E009735EE /* Debug */,
				0C7C47142248825E009735EE /* Release */,
			);
			defaultConfigurationIsVisible = 0;
			defaultConfigurationName = Release;
		};
		0C7C47152248825E009735EE /* Build configuration list for PBXNativeTarget "HackerNewsUITests" */ = {
			isa = XCConfigurationList;
			buildConfigurations = (
				0C7C47162248825E009735EE /* Debug */,
				0C7C47172248825E009735EE /* Release */,
			);
			defaultConfigurationIsVisible = 0;
			defaultConfigurationName = Release;
		};
/* End XCConfigurationList section */
	};
	rootObject = 0C7C46DF2248825C009735EE /* Project object */;
}
